
Microsoft Visual Studio Solution File, Format Version 12.00
# Visual Studio Version 17
VisualStudioVersion = 17.3.32825.248
MinimumVisualStudioVersion = 10.0.40219.1
Project("{FAE04EC0-301F-11D3-BF4B-00C04F79EFBC}") = "ContactsAPI", "ContactsAPI\ContactsAPI.csproj", "{921C0A33-EB99-4696-BE1D-2C0E3EADB9B8}"
EndProject
Global
	GlobalSection(SolutionConfigurationPlatforms) = preSolution
		Debug|Any CPU = Debug|Any CPU
		Release|Any CPU = Release|Any CPU
	EndGlobalSection
	GlobalSection(ProjectConfigurationPlatforms) = postSolution
		{921C0A33-EB99-4696-BE1D-2C0E3EADB9B8}.Debug|Any CPU.ActiveCfg = Debug|Any CPU
		{921C0A33-EB99-4696-BE1D-2C0E3EADB9B8}.Debug|Any CPU.Build.0 = Debug|Any CPU
		{921C0A33-EB99-4696-BE1D-2C0E3EADB9B8}.Release|Any CPU.ActiveCfg = Release|Any CPU
		{921C0A33-EB99-4696-BE1D-2C0E3EADB9B8}.Release|Any CPU.Build.0 = Release|Any CPU
	EndGlobalSection
	GlobalSection(SolutionProperties) = preSolution
		HideSolutionNode = FALSE
	EndGlobalSection
	GlobalSection(ExtensibilityGlobals) = postSolution
		SolutionGuid = {531EE68D-AE26-44F1-ACA5-E0EEEA968AE2}
	EndGlobalSection
EndGlobal
